github.com/google/uuid v1.6.0 h1:NIvaJDMOsjHA8n1jAhLSgzrAzy1Hgr+hNrb57e+94F0=
github.com/google/uuid v1.6.0/go.mod h1:TIyPZe4MgqvfeYDBFedMoGGpEw/LqOeaOT+nhxU+yHo=
github.com/paularlott/cli v0.8.5 h1:IENwmGHySmOhHRlu2it0hbweK8G+Dlfb/Y2OpM3i6AM=
github.com/paularlott/cli v0.8.5/go.mod h1:sfRR24eVVblmv5gq9Enpk/9ZFfJWMovfo/7dNlqgDSM=
github.com/paularlott/jsonrpc v0.2.0 h1:iR584f/oi5L7LbfH8oskAMalNoikNxzlW/ABEZUJCJY=
github.com/paularlott/jsonrpc v0.2.0/go.mod h1:mXoOPTPQf87HF3wR064n23dmsAQs3/EICA3Cbha3Sk4=
golang.org/x/net v0.57.0 h1:K5+3DljvIuDG9/Jv9rvyMywYNFCQ9RSUY6OOTTkT+tE=
golang.org/x/net v0.57.0/go.mod h1:KpXc8iv+r3XplLAG/f7Jsf9RPszJzdR0f58q9vGOuEU=
golang.org/x/oauth2 v0.36.0 h1:peZ/1z27fi9hUOFCAZaHyrpWG5lwe0RJEEEeH0ThlIs=
golang.org/x/oauth2 v0.36.0/go.mod h1:YDBUJMTkDnJS+A4BP4eZBjCqtokkg1hODuPjwiGPO7Q=
golang.org/x/text v0.40.0 h1:Ub2Z6/xjgF1WrYQz2nuITOEegKFtiIy+rieRJ5lHZKs=
golang.org/x/text v0.40.0/go.mod h1:hpnzDAfGV753zIKo+wk3u1bVKCGPbrnF7+7LBF/UHVY=
